// !$*UTF8*$!
{
	archiveVersion = 1;
	classes = {
	};
	objectVersion = 46;
	objects = {

/* Begin PBXBuildFile section */
		00CF73C3190B032C005A1BCD /* Foundation.framework in Frameworks */ = {isa = PBXBuildFile; fileRef = 00CF73C2190B032C005A1BCD /* Foundation.framework */; };
		00CF73C5190B032C005A1BCD /* CoreGraphics.framework in Frameworks */ = {isa = PBXBuildFile; fileRef = 00CF73C4190B032C005A1BCD /* CoreGraphics.framework */; };
		00CF73C7190B032C005A1BCD /* UIKit.framework in Frameworks */ = {isa = PBXBuildFile; fileRef = 00CF73C6190B032C005A1BCD /* UIKit.framework */; };
		00CF73CD190B032C005A1BCD /* InfoPlist.strings in Resources */ = {isa = PBXBuildFile; fileRef = 00CF73CB190B032C005A1BCD /* InfoPlist.strings */; };
		00CF73CF190B032C005A1BCD /* main.m in Sources */ = {isa = PBXBuildFile; fileRef = 00CF73CE190B032C005A1BCD /* main.m */; };
		00CF73D3190B032C005A1BCD /* QRAppDelegate.m in Sources */ = {isa = PBXBuildFile; fileRef = 00CF73D2190B032C005A1BCD /* QRAppDelegate.m */; };
		00CF73D5190B032C005A1BCD /* Images.xcassets in Resources */ = {isa = PBXBuildFile; fileRef = 00CF73D4190B032C005A1BCD /* Images.xcassets */; };
		00CF73DC190B032C005A1BCD /* XCTest.framework in Frameworks */ = {isa = PBXBuildFile; fileRef = 00CF73DB190B032C005A1BCD /* XCTest.framework */; };
		00CF73DD190B032C005A1BCD /* Foundation.framework in Frameworks */ = {isa = PBXBuildFile; fileRef = 00CF73C2190B032C005A1BCD /* Foundation.framework */; };
		00CF73DE190B032C005A1BCD /* UIKit.framework in Frameworks */ = {isa = PBXBuildFile; fileRef = 00CF73C6190B032C005A1BCD /* UIKit.framework */; };
		00CF73E6190B032C005A1BCD /* InfoPlist.strings in Resources */ = {isa = PBXBuildFile; fileRef = 00CF73E4190B032C005A1BCD /* InfoPlist.strings */; };
		00CF73E8190B032C005A1BCD /* FreestyleTests.m in Sources */ = {isa = PBXBuildFile; fileRef = 00CF73E7190B032C005A1BCD /* FreestyleTests.m */; };
		00CF7407190B0FF2005A1BCD /* Main.storyboard in Resources */ = {isa = PBXBuildFile; fileRef = 00CF7406190B0FF2005A1BCD /* Main.storyboard */; };
		D1551654979B49FE87DDC01B /* libPods.a in Frameworks */ = {isa = PBXBuildFile; fileRef = F28BAB690E19402997B3F908 /* libPods.a */; };
/* End PBXBuildFile section */

/* Begin PBXContainerItemProxy section */
		00CF73DF190B032C005A1BCD /* PBXContainerItemProxy */ = {
			isa = PBXContainerItemProxy;
			containerPortal = 00CF73B7190B032C005A1BCD /* Project object */;
			proxyType = 1;
			remoteGlobalIDString = 00CF73BE190B032C005A1BCD;
			remoteInfo = Freestyle;
		};
/* End PBXContainerItemProxy section */

/* Begin PBXFileReference section */
		00CF73BF190B032C005A1BCD /* Freestyle.app */ = {isa = PBXFileReference; explicitFileType = wrapper.application; includeInIndex = 0; path = Freestyle.app; sourceTree = BUILT_PRODUCTS_DIR; };
		00CF73C2190B032C005A1BCD /* Foundation.framework */ = {isa = PBXFileReference; lastKnownFileType = wrapper.framework; name = Foundation.framework; path = System/Library/Frameworks/Foundation.framework; sourceTree = SDKROOT; };
		00CF73C4190B032C005A1BCD /* CoreGraphics.framework */ = {isa = PBXFileReference; lastKnownFileType = wrapper.framework; name = CoreGraphics.framework; path = System/Library/Frameworks/CoreGraphics.framework; sourceTree = SDKROOT; };
		00CF73C6190B032C005A1BCD /* UIKit.framework */ = {isa = PBXFileReference; lastKnownFileType = wrapper.framework; name = UIKit.framework; path = System/Library/Frameworks/UIKit.framework; sourceTree = SDKROOT; };
		00CF73CA190B032C005A1BCD /* Freestyle-Info.plist */ = {isa = PBXFileReference; lastKnownFileType = text.plist.xml; path = "Freestyle-Info.plist"; sourceTree = "<group>"; };
		00CF73CC190B032C005A1BCD /* en */ = {isa = PBXFileReference; lastKnownFileType = text.plist.strings; name = en; path = en.lproj/InfoPlist.strings; sourceTree = "<group>"; };
		00CF73CE190B032C005A1BCD /* main.m */ = {isa = PBXFileReference; lastKnownFileType = sourcecode.c.objc; path = main.m; sourceTree = "<group>"; };
		00CF73D0190B032C005A1BCD /* Freestyle-Prefix.pch */ = {isa = PBXFileReference; lastKnownFileType = sourcecode.c.h; path = "Freestyle-Prefix.pch"; sourceTree = "<group>"; };
		00CF73D1190B032C005A1BCD /* QRAppDelegate.h */ = {isa = PBXFileReference; lastKnownFileType = sourcecode.c.h; path = QRAppDelegate.h; sourceTree = "<group>"; };
		00CF73D2190B032C005A1BCD /* QRAppDelegate.m */ = {isa = PBXFileReference; lastKnownFileType = sourcecode.c.objc; path = QRAppDelegate.m; sourceTree = "<group>"; };
		00CF73D4190B032C005A1BCD /* Images.xcassets */ = {isa = PBXFileReference; lastKnownFileType = folder.assetcatalog; path = Images.xcassets; sourceTree = "<group>"; };
		00CF73DA190B032C005A1BCD /* FreestyleTests.xctest */ = {isa = PBXFileReference; explicitFileType = wrapper.cfbundle; includeInIndex = 0; path = FreestyleTests.xctest; sourceTree = BUILT_PRODUCTS_DIR; };
		00CF73DB190B032C005A1BCD /* XCTest.framework */ = {isa = PBXFileReference; lastKnownFileType = wrapper.framework; name = XCTest.framework; path = Library/Frameworks/XCTest.framework; sourceTree = DEVELOPER_DIR; };
		00CF73E3190B032C005A1BCD /* FreestyleTests-Info.plist */ = {isa = PBXFileReference; lastKnownFileType = text.plist.xml; path = "FreestyleTests-Info.plist"; sourceTree = "<group>"; };
		00CF73E5190B032C005A1BCD /* en */ = {isa = PBXFileReference; lastKnownFileType = text.plist.strings; name = en; path = en.lproj/InfoPlist.strings; sourceTree = "<group>"; };
		00CF73E7190B032C005A1BCD /* FreestyleTests.m */ = {isa = PBXFileReference; lastKnownFileType = sourcecode.c.objc; path = FreestyleTests.m; sourceTree = "<group>"; };
		00CF73F4190B0DD0005A1BCD /* base.scss */ = {isa = PBXFileReference; fileEncoding = 4; lastKnownFileType = text; path = base.scss; sourceTree = "<group>"; };
		00CF73F5190B0DD0005A1BCD /* buttons.scss */ = {isa = PBXFileReference; fileEncoding = 4; lastKnownFileType = text; path = buttons.scss; sourceTree = "<group>"; };
		00CF73F6190B0DD0005A1BCD /* collections.scss */ = {isa = PBXFileReference; fileEncoding = 4; lastKnownFileType = text; path = collections.scss; sourceTree = "<group>"; };
		00CF73F7190B0DD0005A1BCD /* default.scss */ = {isa = PBXFileReference; fileEncoding = 4; lastKnownFileType = text; path = default.scss; sourceTree = "<group>"; };
		00CF73F8190B0DD0005A1BCD /* forms.scss */ = {isa = PBXFileReference; fileEncoding = 4; lastKnownFileType = text; path = forms.scss; sourceTree = "<group>"; };
		00CF73F9190B0DD0005A1BCD /* icons.scss */ = {isa = PBXFileReference; fileEncoding = 4; lastKnownFileType = text; path = icons.scss; sourceTree = "<group>"; };
		00CF73FA190B0DD0005A1BCD /* tables.scss */ = {isa = PBXFileReference; fileEncoding = 4; lastKnownFileType = text; path = tables.scss; sourceTree = "<group>"; };
		00CF73FB190B0DD0005A1BCD /* type.scss */ = {isa = PBXFileReference; fileEncoding = 4; lastKnownFileType = text; path = type.scss; sourceTree = "<group>"; };
		00CF73FC190B0DD0005A1BCD /* variables.scss */ = {isa = PBXFileReference; fileEncoding = 4; lastKnownFileType = text; path = variables.scss; sourceTree = "<group>"; };
		00CF7406190B0FF2005A1BCD /* Main.storyboard */ = {isa = PBXFileReference; fileEncoding = 4; lastKnownFileType = file.storyboard; name = Main.storyboard; path = Resources/Main.storyboard; sourceTree = "<group>"; };
		00CF7409190B1628005A1BCD /* default.less */ = {isa = PBXFileReference; fileEncoding = 4; lastKnownFileType = text; path = default.less; sourceTree = "<group>"; };
		079A44CAFE42493F8B34C7FD /* Pods.xcconfig */ = {isa = PBXFileReference; includeInIndex = 1; lastKnownFileType = text.xcconfig; name = Pods.xcconfig; path = Pods/Pods.xcconfig; sourceTree = "<group>"; };
		F28BAB690E19402997B3F908 /* libPods.a */ = {isa = PBXFileReference; explicitFileType = archive.ar; includeInIndex = 0; path = libPods.a; sourceTree = BUILT_PRODUCTS_DIR; };
/* End PBXFileReference section */

/* Begin PBXFrameworksBuildPhase section */
		00CF73BC190B032C005A1BCD /* Frameworks */ = {
			isa = PBXFrameworksBuildPhase;
			buildActionMask = 2147483647;
			files = (
				00CF73C5190B032C005A1BCD /* CoreGraphics.framework in Frameworks */,
				00CF73C7190B032C005A1BCD /* UIKit.framework in Frameworks */,
				00CF73C3190B032C005A1BCD /* Foundation.framework in Frameworks */,
				D1551654979B49FE87DDC01B /* libPods.a in Frameworks */,
			);
			runOnlyForDeploymentPostprocessing = 0;
		};
		00CF73D7190B032C005A1BCD /* Frameworks */ = {
			isa = PBXFrameworksBuildPhase;
			buildActionMask = 2147483647;
			files = (
				00CF73DC190B032C005A1BCD /* XCTest.framework in Frameworks */,
				00CF73DE190B032C005A1BCD /* UIKit.framework in Frameworks */,
				00CF73DD190B032C005A1BCD /* Foundation.framework in Frameworks */,
			);
			runOnlyForDeploymentPostprocessing = 0;
		};
/* End PBXFrameworksBuildPhase section */

/* Begin PBXGroup section */
		00CF73B6190B032C005A1BCD = {
			isa = PBXGroup;
			children = (
				00CF73C8190B032C005A1BCD /* Freestyle */,
				00CF73E1190B032C005A1BCD /* FreestyleTests */,
				00CF73C1190B032C005A1BCD /* Frameworks */,
				00CF73C0190B032C005A1BCD /* Products */,
				079A44CAFE42493F8B34C7FD /* Pods.xcconfig */,
			);
			sourceTree = "<group>";
		};
		00CF73C0190B032C005A1BCD /* Products */ = {
			isa = PBXGroup;
			children = (
				00CF73BF190B032C005A1BCD /* Freestyle.app */,
				00CF73DA190B032C005A1BCD /* FreestyleTests.xctest */,
			);
			name = Products;
			sourceTree = "<group>";
		};
		00CF73C1190B032C005A1BCD /* Frameworks */ = {
			isa = PBXGroup;
			children = (
				00CF73C2190B032C005A1BCD /* Foundation.framework */,
				00CF73C4190B032C005A1BCD /* CoreGraphics.framework */,
				00CF73C6190B032C005A1BCD /* UIKit.framework */,
				00CF73DB190B032C005A1BCD /* XCTest.framework */,
				F28BAB690E19402997B3F908 /* libPods.a */,
			);
			name = Frameworks;
			sourceTree = "<group>";
		};
		00CF73C8190B032C005A1BCD /* Freestyle */ = {
			isa = PBXGroup;
			children = (
				00CF73F2190B0DC5005A1BCD /* Resources */,
				00CF73D1190B032C005A1BCD /* QRAppDelegate.h */,
				00CF73D2190B032C005A1BCD /* QRAppDelegate.m */,
				00CF73D4190B032C005A1BCD /* Images.xcassets */,
				00CF73C9190B032C005A1BCD /* Supporting Files */,
			);
			path = Freestyle;
			sourceTree = "<group>";
		};
		00CF73C9190B032C005A1BCD /* Supporting Files */ = {
			isa = PBXGroup;
			children = (
				00CF73CA190B032C005A1BCD /* Freestyle-Info.plist */,
				00CF73CB190B032C005A1BCD /* InfoPlist.strings */,
				00CF73CE190B032C005A1BCD /* main.m */,
				00CF73D0190B032C005A1BCD /* Freestyle-Prefix.pch */,
			);
			name = "Supporting Files";
			sourceTree = "<group>";
		};
		00CF73E1190B032C005A1BCD /* FreestyleTests */ = {
			isa = PBXGroup;
			children = (
				00CF73E7190B032C005A1BCD /* FreestyleTests.m */,
				00CF73E2190B032C005A1BCD /* Supporting Files */,
			);
			path = FreestyleTests;
			sourceTree = "<group>";
		};
		00CF73E2190B032C005A1BCD /* Supporting Files */ = {
			isa = PBXGroup;
			children = (
				00CF73E3190B032C005A1BCD /* FreestyleTests-Info.plist */,
				00CF73E4190B032C005A1BCD /* InfoPlist.strings */,
			);
			name = "Supporting Files";
			sourceTree = "<group>";
		};
		00CF73F2190B0DC5005A1BCD /* Resources */ = {
			isa = PBXGroup;
			children = (
				00CF7408190B1616005A1BCD /* less */,
				00CF73F3190B0DD0005A1BCD /* scss */,
				00CF7406190B0FF2005A1BCD /* Main.storyboard */,
			);
			name = Resources;
			sourceTree = "<group>";
		};
		00CF73F3190B0DD0005A1BCD /* scss */ = {
			isa = PBXGroup;
			children = (
				00CF73F4190B0DD0005A1BCD /* base.scss */,
				00CF73F5190B0DD0005A1BCD /* buttons.scss */,
				00CF73F6190B0DD0005A1BCD /* collections.scss */,
				00CF73F7190B0DD0005A1BCD /* default.scss */,
				00CF73F8190B0DD0005A1BCD /* forms.scss */,
				00CF73F9190B0DD0005A1BCD /* icons.scss */,
				00CF73FA190B0DD0005A1BCD /* tables.scss */,
				00CF73FB190B0DD0005A1BCD /* type.scss */,
				00CF73FC190B0DD0005A1BCD /* variables.scss */,
			);
			path = scss;
			sourceTree = "<group>";
		};
		00CF7408190B1616005A1BCD /* less */ = {
			isa = PBXGroup;
			children = (
				00CF7409190B1628005A1BCD /* default.less */,
			);
			name = less;
			sourceTree = "<group>";
		};
/* End PBXGroup section */

/* Begin PBXNativeTarget section */
		00CF73BE190B032C005A1BCD /* Freestyle */ = {
			isa = PBXNativeTarget;
			buildConfigurationList = 00CF73EB190B032C005A1BCD /* Build configuration list for PBXNativeTarget "Freestyle" */;
			buildPhases = (
				D08A0405B0384081A8E04809 /* Check Pods Manifest.lock */,
				00CF73BB190B032C005A1BCD /* Sources */,
				00CF73BC190B032C005A1BCD /* Frameworks */,
				00CF73F1190B0C95005A1BCD /* ShellScript */,
				00CF73BD190B032C005A1BCD /* Resources */,
				F51431FBF6C840008EE9099F /* Copy Pods Resources */,
			);
			buildRules = (
			);
			dependencies = (
			);
			name = Freestyle;
			productName = Freestyle;
			productReference = 00CF73BF190B032C005A1BCD /* Freestyle.app */;
			productType = "com.apple.product-type.application";
		};
		00CF73D9190B032C005A1BCD /* FreestyleTests */ = {
			isa = PBXNativeTarget;
			buildConfigurationList = 00CF73EE190B032C005A1BCD /* Build configuration list for PBXNativeTarget "FreestyleTests" */;
			buildPhases = (
				00CF73D6190B032C005A1BCD /* Sources */,
				00CF73D7190B032C005A1BCD /* Frameworks */,
				00CF73D8190B032C005A1BCD /* Resources */,
			);
			buildRules = (
			);
			dependencies = (
				00CF73E0190B032C005A1BCD /* PBXTargetDependency */,
			);
			name = FreestyleTests;
			productName = FreestyleTests;
			productReference = 00CF73DA190B032C005A1BCD /* FreestyleTests.xctest */;
			productType = "com.apple.product-type.bundle.unit-test";
		};
/* End PBXNativeTarget section */

/* Begin PBXProject section */
		00CF73B7190B032C005A1BCD /* Project object */ = {
			isa = PBXProject;
			attributes = {
				CLASSPREFIX = QR;
				LastUpgradeCheck = 0510;
				ORGANIZATIONNAME = "Qranio SA";
				TargetAttributes = {
					00CF73D9190B032C005A1BCD = {
						TestTargetID = 00CF73BE190B032C005A1BCD;
					};
				};
			};
			buildConfigurationList = 00CF73BA190B032C005A1BCD /* Build configuration list for PBXProject "Freestyle" */;
			compatibilityVersion = "Xcode 3.2";
			developmentRegion = English;
			hasScannedForEncodings = 0;
			knownRegions = (
				en,
			);
			mainGroup = 00CF73B6190B032C005A1BCD;
			productRefGroup = 00CF73C0190B032C005A1BCD /* Products */;
			projectDirPath = "";
			projectRoot = "";
			targets = (
				00CF73BE190B032C005A1BCD /* Freestyle */,
				00CF73D9190B032C005A1BCD /* FreestyleTests */,
			);
		};
/* End PBXProject section */

/* Begin PBXResourcesBuildPhase section */
		00CF73BD190B032C005A1BCD /* Resources */ = {
			isa = PBXResourcesBuildPhase;
			buildActionMask = 2147483647;
			files = (
				00CF7407190B0FF2005A1BCD /* Main.storyboard in Resources */,
				00CF73CD190B032C005A1BCD /* InfoPlist.strings in Resources */,
				00CF73D5190B032C005A1BCD /* Images.xcassets in Resources */,
			);
			runOnlyForDeploymentPostprocessing = 0;
		};
		00CF73D8190B032C005A1BCD /* Resources */ = {
			isa = PBXResourcesBuildPhase;
			buildActionMask = 2147483647;
			files = (
				00CF73E6190B032C005A1BCD /* InfoPlist.strings in Resources */,
			);
			runOnlyForDeploymentPostprocessing = 0;
		};
/* End PBXResourcesBuildPhase section */

/* Begin PBXShellScriptBuildPhase section */
		00CF73F1190B0C95005A1BCD /* ShellScript */ = {
			isa = PBXShellScriptBuildPhase;
			buildActionMask = 12;
			files = (
			);
			inputPaths = (
			);
			outputPaths = (
			);
			runOnlyForDeploymentPostprocessing = 0;
			shellPath = /bin/sh;
			shellScript = "export PATH=$PATH:/usr/local/bin\nlessc ${CONTENTS_FOLDER_PATH}/../Freestyle/default.less ${TARGET_BUILD_DIR}/${CONTENTS_FOLDER_PATH}/default.css";
		};
		D08A0405B0384081A8E04809 /* Check Pods Manifest.lock */ = {
			isa = PBXShellScriptBuildPhase;
			buildActionMask = 2147483647;
			files = (
			);
			inputPaths = (
			);
			name = "Check Pods Manifest.lock";
			outputPaths = (
			);
			runOnlyForDeploymentPostprocessing = 0;
			shellPath = /bin/sh;
			shellScript = "diff \"${PODS_ROOT}/../Podfile.lock\" \"${PODS_ROOT}/Manifest.lock\" > /dev/null\nif [[ $? != 0 ]] ; then\n    cat << EOM\nerror: The sandbox is not in sync with the Podfile.lock. Run 'pod install' or update your CocoaPods installation.\nEOM\n    exit 1\nfi\n";
			showEnvVarsInLog = 0;
		};
		F51431FBF6C840008EE9099F /* Copy Pods Resources */ = {
			isa = PBXShellScriptBuildPhase;
			buildActionMask = 2147483647;
			files = (
			);
			inputPaths = (
			);
			name = "Copy Pods Resources";
			outputPaths = (
			);
			runOnlyForDeploymentPostprocessing = 0;
			shellPath = /bin/sh;
			shellScript = "\"${SRCROOT}/Pods/Pods-resources.sh\"\n";
			showEnvVarsInLog = 0;
		};
/* End PBXShellScriptBuildPhase section */

/* Begin PBXSourcesBuildPhase section */
		00CF73BB190B032C005A1BCD /* Sources */ = {
			isa = PBXSourcesBuildPhase;
			buildActionMask = 2147483647;
			files = (
				00CF73CF190B032C005A1BCD /* main.m in Sources */,
				00CF73D3190B032C005A1BCD /* QRAppDelegate.m in Sources */,
			);
			runOnlyForDeploymentPostprocessing = 0;
		};
		00CF73D6190B032C005A1BCD /* Sources */ = {
			isa = PBXSourcesBuildPhase;
			buildActionMask = 2147483647;
			files = (
				00CF73E8190B032C005A1BCD /* FreestyleTests.m in Sources */,
			);
			runOnlyForDeploymentPostprocessing = 0;
		};
/* End PBXSourcesBuildPhase section */

/* Begin PBXTargetDependency section */
		00CF73E0190B032C005A1BCD /* PBXTargetDependency */ = {
			isa = PBXTargetDependency;
			target = 00CF73BE190B032C005A1BCD /* Freestyle */;
			targetProxy = 00CF73DF190B032C005A1BCD /* PBXContainerItemProxy */;
		};
/* End PBXTargetDependency section */

/* Begin PBXVariantGroup section */
		00CF73CB190B032C005A1BCD /* InfoPlist.strings */ = {
			isa = PBXVariantGroup;
			children = (
				00CF73CC190B032C005A1BCD /* en */,
			);
			name = InfoPlist.strings;
			sourceTree = "<group>";
		};
		00CF73E4190B032C005A1BCD /* InfoPlist.strings */ = {
			isa = PBXVariantGroup;
			children = (
				00CF73E5190B032C005A1BCD /* en */,
			);
			name = InfoPlist.strings;
			sourceTree = "<group>";
		};
/* End PBXVariantGroup section */

/* Begin XCBuildConfiguration section */
		00CF73E9190B032C005A1BCD /* Debug */ = {
			isa = XCBuildConfiguration;
			buildSettings = {
				ALWAYS_SEARCH_USER_PATHS = NO;
				CLANG_CXX_LANGUAGE_STANDARD = "gnu++0x";
				CLANG_CXX_LIBRARY = "libc++";
				CLANG_ENABLE_MODULES = YES;
				CLANG_ENABLE_OBJC_ARC = YES;
				CLANG_WARN_BOOL_CONVERSION = YES;
				CLANG_WARN_CONSTANT_CONVERSION = YES;
				CLANG_WARN_DIRECT_OBJC_ISA_USAGE = YES_ERROR;
				CLANG_WARN_EMPTY_BODY = YES;
				CLANG_WARN_ENUM_CONVERSION = YES;
				CLANG_WARN_INT_CONVERSION = YES;
				CLANG_WARN_OBJC_ROOT_CLASS = YES_ERROR;
				CLANG_WARN__DUPLICATE_METHOD_MATCH = YES;
				"CODE_SIGN_IDENTITY[sdk=iphoneos*]" = "iPhone Developer";
				COPY_PHASE_STRIP = NO;
				GCC_C_LANGUAGE_STANDARD = gnu99;
				GCC_DYNAMIC_NO_PIC = NO;
				GCC_OPTIMIZATION_LEVEL = 0;
				GCC_PREPROCESSOR_DEFINITIONS = (
					"DEBUG=1",
					"$(inherited)",
				);
				GCC_SYMBOLS_PRIVATE_EXTERN = NO;
				GCC_WARN_64_TO_32_BIT_CONVERSION = YES;
				GCC_WARN_ABOUT_RETURN_TYPE = YES_ERROR;
				GCC_WARN_UNDECLARED_SELECTOR = YES;
				GCC_WARN_UNINITIALIZED_AUTOS = YES_AGGRESSIVE;
				GCC_WARN_UNUSED_FUNCTION = YES;
				GCC_WARN_UNUSED_VARIABLE = YES;
				IPHONEOS_DEPLOYMENT_TARGET = 7.1;
				ONLY_ACTIVE_ARCH = YES;
				SDKROOT = iphoneos;
				TARGETED_DEVICE_FAMILY = "1,2";
			};
			name = Debug;
		};
		00CF73EA190B032C005A1BCD /* Release */ = {
			isa = XCBuildConfiguration;
			buildSettings = {
				ALWAYS_SEARCH_USER_PATHS = NO;
				CLANG_CXX_LANGUAGE_STANDARD = "gnu++0x";
				CLANG_CXX_LIBRARY = "libc++";
				CLANG_ENABLE_MODULES = YES;
				CLANG_ENABLE_OBJC_ARC = YES;
				CLANG_WARN_BOOL_CONVERSION = YES;
				CLANG_WARN_CONSTANT_CONVERSION = YES;
				CLANG_WARN_DIRECT_OBJC_ISA_USAGE = YES_ERROR;
				CLANG_WARN_EMPTY_BODY = YES;
				CLANG_WARN_ENUM_CONVERSION = YES;
				CLANG_WARN_INT_CONVERSION = YES;
				CLANG_WARN_OBJC_ROOT_CLASS = YES_ERROR;
				CLANG_WARN__DUPLICATE_METHOD_MATCH = YES;
				"CODE_SIGN_IDENTITY[sdk=iphoneos*]" = "iPhone Developer";
				COPY_PHASE_STRIP = YES;
				ENABLE_NS_ASSERTIONS = NO;
				GCC_C_LANGUAGE_STANDARD = gnu99;
				GCC_WARN_64_TO_32_BIT_CONVERSION = YES;
				GCC_WARN_ABOUT_RETURN_TYPE = YES_ERROR;
				GCC_WARN_UNDECLARED_SELECTOR = YES;
				GCC_WARN_UNINITIALIZED_AUTOS = YES_AGGRESSIVE;
				GCC_WARN_UNUSED_FUNCTION = YES;
				GCC_WARN_UNUSED_VARIABLE = YES;
				IPHONEOS_DEPLOYMENT_TARGET = 7.1;
				SDKROOT = iphoneos;
				TARGETED_DEVICE_FAMILY = "1,2";
				VALIDATE_PRODUCT = YES;
			};
			name = Release;
		};
		00CF73EC190B032C005A1BCD /* Debug */ = {
			isa = XCBuildConfiguration;
			baseConfigurationReference = 079A44CAFE42493F8B34C7FD /* Pods.xcconfig */;
			buildSettings = {
				ASSETCATALOG_COMPILER_APPICON_NAME = AppIcon;
				ASSETCATALOG_COMPILER_LAUNCHIMAGE_NAME = LaunchImage;
				GCC_PRECOMPILE_PREFIX_HEADER = YES;
				GCC_PREFIX_HEADER = "Freestyle/Freestyle-Prefix.pch";
				INFOPLIST_FILE = "Freestyle/Freestyle-Info.plist";
				PRODUCT_NAME = "$(TARGET_NAME)";
				WRAPPER_EXTENSION = app;
			};
			name = Debug;
		};
		00CF73ED190B032C005A1BCD /* Release */ = {
			isa = XCBuildConfiguration;
			baseConfigurationReference = 079A44CAFE42493F8B34C7FD /* Pods.xcconfig */;
			buildSettings = {
				ASSETCATALOG_COMPILER_APPICON_NAME = AppIcon;
				ASSETCATALOG_COMPILER_LAUNCHIMAGE_NAME = LaunchImage;
				GCC_PRECOMPILE_PREFIX_HEADER = YES;
				GCC_PREFIX_HEADER = "Freestyle/Freestyle-Prefix.pch";
				INFOPLIST_FILE = "Freestyle/Freestyle-Info.plist";
				PRODUCT_NAME = "$(TARGET_NAME)";
				WRAPPER_EXTENSION = app;
			};
			name = Release;
		};
		00CF73EF190B032C005A1BCD /* Debug */ = {
			isa = XCBuildConfiguration;
			buildSettings = {
				BUNDLE_LOADER = "$(BUILT_PRODUCTS_DIR)/Freestyle.app/Freestyle";
				FRAMEWORK_SEARCH_PATHS = (
					"$(SDKROOT)/Developer/Library/Frameworks",
					"$(inherited)",
					"$(DEVELOPER_FRAMEWORKS_DIR)",
				);
				GCC_PRECOMPILE_PREFIX_HEADER = YES;
				GCC_PREFIX_HEADER = "Freestyle/Freestyle-Prefix.pch";
				GCC_PREPROCESSOR_DEFINITIONS = (
					"DEBUG=1",
					"$(inherited)",
				);
				INFOPLIST_FILE = "FreestyleTests/FreestyleTests-Info.plist";
				PRODUCT_NAME = "$(TARGET_NAME)";
				TEST_HOST = "$(BUNDLE_LOADER)";
				WRAPPER_EXTENSION = xctest;
			};
			name = Debug;
		};
		00CF73F0190B032C005A1BCD /* Release */ = {
			isa = XCBuildConfiguration;
			buildSettings = {
				BUNDLE_LOADER = "$(BUILT_PRODUCTS_DIR)/Freestyle.app/Freestyle";
				FRAMEWORK_SEARCH_PATHS = (
					"$(SDKROOT)/Developer/Library/Frameworks",
					"$(inherited)",
					"$(DEVELOPER_FRAMEWORKS_DIR)",
				);
				GCC_PRECOMPILE_PREFIX_HEADER = YES;
				GCC_PREFIX_HEADER = "Freestyle/Freestyle-Prefix.pch";
				INFOPLIST_FILE = "FreestyleTests/FreestyleTests-Info.plist";
				PRODUCT_NAME = "$(TARGET_NAME)";
				TEST_HOST = "$(BUNDLE_LOADER)";
				WRAPPER_EXTENSION = xctest;
			};
			name = Release;
		};
/* End XCBuildConfiguration section */

/* Begin XCConfigurationList section */
		00CF73BA190B032C005A1BCD /* Build configuration list for PBXProject "Freestyle" */ = {
			isa = XCConfigurationList;
			buildConfigurations = (
				00CF73E9190B032C005A1BCD /* Debug */,
				00CF73EA190B032C005A1BCD /* Release */,
			);
			defaultConfigurationIsVisible = 0;
			defaultConfigurationName = Release;
		};
		00CF73EB190B032C005A1BCD /* Build configuration list for PBXNativeTarget "Freestyle" */ = {
			isa = XCConfigurationList;
			buildConfigurations = (
				00CF73EC190B032C005A1BCD /* Debug */,
				00CF73ED190B032C005A1BCD /* Release */,
			);
			defaultConfigurationIsVisible = 0;
			defaultConfigurationName = Release;
		};
		00CF73EE190B032C005A1BCD /* Build configuration list for PBXNativeTarget "FreestyleTests" */ = {
			isa = XCConfigurationList;
			buildConfigurations = (
				00CF73EF190B032C005A1BCD /* Debug */,
				00CF73F0190B032C005A1BCD /* Release */,
			);
			defaultConfigurationIsVisible = 0;
			defaultConfigurationName = Release;
		};
/* End XCConfigurationList section */
	};
	rootObject = 00CF73B7190B032C005A1BCD /* Project object */;
}
